
Microsoft Visual Studio Solution File, Format Version 12.00
# Visual Studio 2012
Project("{8BC9CEB8-8B4A-11D0-8D11-00A0C91BC942}") = "CPU_MD", "CPU_MD\CPU_MD.vcxproj", "{0239EAAE-3386-42B4-87DE-2B40A65A721B}"
EndProject
Global
	GlobalSection(SolutionConfigurationPlatforms) = preSolution
		Debug|Win32 = Debug|Win32
		Release|Win32 = Release|Win32
	EndGlobalSection
	GlobalSection(ProjectConfigurationPlatforms) = postSolution
		{0239EAAE-3386-42B4-87DE-2B40A65A721B}.Debug|Win32.ActiveCfg = Debug|Win32
		{0239EAAE-3386-42B4-87DE-2B40A65A721B}.Debug|Win32.Build.0 = Debug|Win32
		{0239EAAE-3386-42B4-87DE-2B40A65A721B}.Release|Win32.ActiveCfg = Release|Win32
		{0239EAAE-3386-42B4-87DE-2B40A65A721B}.Release|Win32.Build.0 = Release|Win32
	EndGlobalSection
	GlobalSection(SolutionProperties) = preSolution
		HideSolutionNode = FALSE
	EndGlobalSection
EndGlobal
